
Microsoft Visual Studio Solution File, Format Version 12.00
# Visual Studio Version 17
VisualStudioVersion = 17.12.35728.132
MinimumVisualStudioVersion = 10.0.40219.1
Project("{FAE04EC0-301F-11D3-BF4B-00C04F79EFBC}") = "AVA.VendorService.Contracts", "AVA.VendorService.Contracts\AVA.VendorService.Contracts.csproj", "{3ACBDA0E-968B-4AE7-B355-1EC99E0B114F}"
EndProject
Project("{FAE04EC0-301F-11D3-BF4B-00C04F79EFBC}") = "AVA.VendorService", "AVA.VendorService\AVA.VendorService.csproj", "{3FE655E0-1B43-471E-B062-24283964784A}"
EndProject
Global
	GlobalSection(SolutionConfigurationPlatforms) = preSolution
		Debug|Any CPU = Debug|Any CPU
		Release|Any CPU = Release|Any CPU
	EndGlobalSection
	GlobalSection(ProjectConfigurationPlatforms) = postSolution
		{3ACBDA0E-968B-4AE7-B355-1EC99E0B114F}.Debug|Any CPU.ActiveCfg = Debug|Any CPU
		{3ACBDA0E-968B-4AE7-B355-1EC99E0B114F}.Debug|Any CPU.Build.0 = Debug|Any CPU
		{3ACBDA0E-968B-4AE7-B355-1EC99E0B114F}.Release|Any CPU.ActiveCfg = Release|Any CPU
		{3ACBDA0E-968B-4AE7-B355-1EC99E0B114F}.Release|Any CPU.Build.0 = Release|Any CPU
		{3FE655E0-1B43-471E-B062-24283964784A}.Debug|Any CPU.ActiveCfg = Debug|Any CPU
		{3FE655E0-1B43-471E-B062-24283964784A}.Debug|Any CPU.Build.0 = Debug|Any CPU
		{3FE655E0-1B43-471E-B062-24283964784A}.Release|Any CPU.ActiveCfg = Release|Any CPU
		{3FE655E0-1B43-471E-B062-24283964784A}.Release|Any CPU.Build.0 = Release|Any CPU
	EndGlobalSection
	GlobalSection(SolutionProperties) = preSolution
		HideSolutionNode = FALSE
	EndGlobalSection
EndGlobal
